
Microsoft Visual Studio Solution File, Format Version 12.00
# Visual Studio 15
Project("{FAE04EC0-301F-11D3-BF4B-00C04F79EFBC}") = "NetandReact", "NetandReact\NetandReact.csproj", "{023B3702-CCDA-41F2-89B8-344409B60118}"
EndProject
Global
	GlobalSection(SolutionConfigurationPlatforms) = preSolution
		Debug|Any CPU = Debug|Any CPU
		Release|Any CPU = Release|Any CPU
	EndGlobalSection
	GlobalSection(ProjectConfigurationPlatforms) = postSolution
		{023B3702-CCDA-41F2-89B8-344409B60118}.Debug|Any CPU.ActiveCfg = Debug|Any CPU
		{023B3702-CCDA-41F2-89B8-344409B60118}.Debug|Any CPU.Build.0 = Debug|Any CPU
		{023B3702-CCDA-41F2-89B8-344409B60118}.Release|Any CPU.ActiveCfg = Release|Any CPU
		{023B3702-CCDA-41F2-89B8-344409B60118}.Release|Any CPU.Build.0 = Release|Any CPU
	EndGlobalSection
EndGlobal
